PODS:
  - Flutter (1.0.0)
  - vibrate (0.0.1):
    - Flutter

DEPENDENCIES:
  - Flutter (from `.symlinks/flutter/ios`)
  - vibrate (from `.symlinks/plugins/vibrate/ios`)

EXTERNAL SOURCES:
  Flutter:
    :path: .symlinks/flutter/ios
  vibrate:
    :path: .symlinks/plugins/vibrate/ios

SPEC CHECKSUMS:
  Flutter: 9d0fac939486c9aba2809b7982dfdbb47a7b0296
  vibrate: 8d9cb77859e02b88730c44a9907f561ddca25ca1

PODFILE CHECKSUM: eebe7f405ca85683d9f060410d4211e286a2556f

COCOAPODS: 1.4.0
